// !$*UTF8*$!
{
	archiveVersion = 1;
	classes = {
	};
	objectVersion = 46;
	objects = {

/* Begin PBXBuildFile section */
		4944332F1CCF29EF009F5571 /* HistoryViewController.swift in Sources */ = {isa = PBXBuildFile; fileRef = 4944332E1CCF29EF009F5571 /* HistoryViewController.swift */; };
		4999F8591CC7F6C000036C18 /* AppDelegate.swift in Sources */ = {isa = PBXBuildFile; fileRef = 4999F8581CC7F6C000036C18 /* AppDelegate.swift */; };
		4999F85B1CC7F6C000036C18 /* ViewController.swift in Sources */ = {isa = PBXBuildFile; fileRef = 4999F85A1CC7F6C000036C18 /* ViewController.swift */; };
		4999F85E1CC7F6C000036C18 /* Main.storyboard in Resources */ = {isa = PBXBuildFile; fileRef = 4999F85C1CC7F6C000036C18 /* Main.storyboard */; };
		4999F8601CC7F6C000036C18 /* Assets.xcassets in Resources */ = {isa = PBXBuildFile; fileRef = 4999F85F1CC7F6C000036C18 /* Assets.xcassets */; };
		4999F8631CC7F6C000036C18 /* LaunchScreen.storyboard in Resources */ = {isa = PBXBuildFile; fileRef = 4999F8611CC7F6C000036C18 /* LaunchScreen.storyboard */; };
		4999F86B1CC8038500036C18 /* AppModel.swift in Sources */ = {isa = PBXBuildFile; fileRef = 4999F86A1CC8038500036C18 /* AppModel.swift */; };
/* End PBXBuildFile section */

/* Begin PBXFileReference section */
		4944332E1CCF29EF009F5571 /* HistoryViewController.swift */ = {isa = PBXFileReference; fileEncoding = 4; lastKnownFileType = sourcecode.swift; path = HistoryViewController.swift; sourceTree = "<group>"; };
		4999F8551CC7F6C000036C18 /* Calc.app */ = {isa = PBXFileReference; explicitFileType = wrapper.application; includeInIndex = 0; path = Calc.app; sourceTree = BUILT_PRODUCTS_DIR; };
		4999F8581CC7F6C000036C18 /* AppDelegate.swift */ = {isa = PBXFileReference; lastKnownFileType = sourcecode.swift; path = AppDelegate.swift; sourceTree = "<group>"; };
		4999F85A1CC7F6C000036C18 /* ViewController.swift */ = {isa = PBXFileReference; lastKnownFileType = sourcecode.swift; path = ViewController.swift; sourceTree = "<group>"; };
		4999F85D1CC7F6C000036C18 /* Base */ = {isa = PBXFileReference; lastKnownFileType = file.storyboard; name = Base; path = Base.lproj/Main.storyboard; sourceTree = "<group>"; };
		4999F85F1CC7F6C000036C18 /* Assets.xcassets */ = {isa = PBXFileReference; lastKnownFileType = folder.assetcatalog; path = Assets.xcassets; sourceTree = "<group>"; };
		4999F8621CC7F6C000036C18 /* Base */ = {isa = PBXFileReference; lastKnownFileType = file.storyboard; name = Base; path = Base.lproj/LaunchScreen.storyboard; sourceTree = "<group>"; };
		4999F8641CC7F6C000036C18 /* Info.plist */ = {isa = PBXFileReference; lastKnownFileType = text.plist.xml; path = Info.plist; sourceTree = "<group>"; };
		4999F86A1CC8038500036C18 /* AppModel.swift */ = {isa = PBXFileReference; fileEncoding = 4; lastKnownFileType = sourcecode.swift; path = AppModel.swift; sourceTree = "<group>"; };
/* End PBXFileReference section */

/* Begin PBXFrameworksBuildPhase section */
		4999F8521CC7F6C000036C18 /* Frameworks */ = {
			isa = PBXFrameworksBuildPhase;
			buildActionMask = 2147483647;
			files = (
			);
			runOnlyForDeploymentPostprocessing = 0;
		};
/* End PBXFrameworksBuildPhase section */

/* Begin PBXGroup section */
		4999F84C1CC7F6C000036C18 = {
			isa = PBXGroup;
			children = (
				4999F8571CC7F6C000036C18 /* Calc */,
				4999F8561CC7F6C000036C18 /* Products */,
			);
			sourceTree = "<group>";
		};
		4999F8561CC7F6C000036C18 /* Products */ = {
			isa = PBXGroup;
			children = (
				4999F8551CC7F6C000036C18 /* Calc.app */,
			);
			name = Products;
			sourceTree = "<group>";
		};
		4999F8571CC7F6C000036C18 /* Calc */ = {
			isa = PBXGroup;
			children = (
				4944332E1CCF29EF009F5571 /* HistoryViewController.swift */,
				4999F8581CC7F6C000036C18 /* AppDelegate.swift */,
				4999F85A1CC7F6C000036C18 /* ViewController.swift */,
				4999F86A1CC8038500036C18 /* AppModel.swift */,
				4999F85C1CC7F6C000036C18 /* Main.storyboard */,
				4999F85F1CC7F6C000036C18 /* Assets.xcassets */,
				4999F8611CC7F6C000036C18 /* LaunchScreen.storyboard */,
				4999F8641CC7F6C000036C18 /* Info.plist */,
			);
			path = Calc;
			sourceTree = "<group>";
		};
/* End PBXGroup section */

/* Begin PBXNativeTarget section */
		4999F8541CC7F6C000036C18 /* Calc */ = {
			isa = PBXNativeTarget;
			buildConfigurationList = 4999F8671CC7F6C000036C18 /* Build configuration list for PBXNativeTarget "Calc" */;
			buildPhases = (
				4999F8511CC7F6C000036C18 /* Sources */,
				4999F8521CC7F6C000036C18 /* Frameworks */,
				4999F8531CC7F6C000036C18 /* Resources */,
			);
			buildRules = (
			);
			dependencies = (
			);
			name = Calc;
			productName = Calc;
			productReference = 4999F8551CC7F6C000036C18 /* Calc.app */;
			productType = "com.apple.product-type.application";
		};
/* End PBXNativeTarget section */

/* Begin PBXProject section */
		4999F84D1CC7F6C000036C18 /* Project object */ = {
			isa = PBXProject;
			attributes = {
				LastSwiftUpdateCheck = 0730;
				LastUpgradeCheck = 0730;
				ORGANIZATIONNAME = "Vincent Wu";
				TargetAttributes = {
					4999F8541CC7F6C000036C18 = {
						CreatedOnToolsVersion = 7.3;
						DevelopmentTeam = V9255G6442;
					};
				};
			};
			buildConfigurationList = 4999F8501CC7F6C000036C18 /* Build configuration list for PBXProject "Calc" */;
			compatibilityVersion = "Xcode 3.2";
			developmentRegion = English;
			hasScannedForEncodings = 0;
			knownRegions = (
				en,
				Base,
			);
			mainGroup = 4999F84C1CC7F6C000036C18;
			productRefGroup = 4999F8561CC7F6C000036C18 /* Products */;
			projectDirPath = "";
			projectRoot = "";
			targets = (
				4999F8541CC7F6C000036C18 /* Calc */,
			);
		};
/* End PBXProject section */

/* Begin PBXResourcesBuildPhase section */
		4999F8531CC7F6C000036C18 /* Resources */ = {
			isa = PBXResourcesBuildPhase;
			buildActionMask = 2147483647;
			files = (
				4999F8631CC7F6C000036C18 /* LaunchScreen.storyboard in Resources */,
				4999F8601CC7F6C000036C18 /* Assets.xcassets in Resources */,
				4999F85E1CC7F6C000036C18 /* Main.storyboard in Resources */,
			);
			runOnlyForDeploymentPostprocessing = 0;
		};
/* End PBXResourcesBuildPhase section */

/* Begin PBXSourcesBuildPhase section */
		4999F8511CC7F6C000036C18 /* Sources */ = {
			isa = PBXSourcesBuildPhase;
			buildActionMask = 2147483647;
			files = (
				4999F85B1CC7F6C000036C18 /* ViewController.swift in Sources */,
				4999F86B1CC8038500036C18 /* AppModel.swift in Sources */,
				4999F8591CC7F6C000036C18 /* AppDelegate.swift in Sources */,
				4944332F1CCF29EF009F5571 /* HistoryViewController.swift in Sources */,
			);
			runOnlyForDeploymentPostprocessing = 0;
		};
/* End PBXSourcesBuildPhase section */

/* Begin PBXVariantGroup section */
		4999F85C1CC7F6C000036C18 /* Main.storyboard */ = {
			isa = PBXVariantGroup;
			children = (
				4999F85D1CC7F6C000036C18 /* Base */,
			);
			name = Main.storyboard;
			sourceTree = "<group>";
		};
		4999F8611CC7F6C000036C18 /* LaunchScreen.storyboard */ = {
			isa = PBXVariantGroup;
			children = (
				4999F8621CC7F6C000036C18 /* Base */,
			);
			name = LaunchScreen.storyboard;
			sourceTree = "<group>";
		};
/* End PBXVariantGroup section */

/* Begin XCBuildConfiguration section */
		4999F8651CC7F6C000036C18 /* Debug */ = {
			isa = XCBuildConfiguration;
			buildSettings = {
				ALWAYS_SEARCH_USER_PATHS = NO;
				CLANG_ANALYZER_NONNULL = YES;
				CLANG_CXX_LANGUAGE_STANDARD = "gnu++0x";
				CLANG_CXX_LIBRARY = "libc++";
				CLANG_ENABLE_MODULES = YES;
				CLANG_ENABLE_OBJC_ARC = YES;
				CLANG_WARN_BOOL_CONVERSION = YES;
				CLANG_WARN_CONSTANT_CONVERSION = YES;
				CLANG_WARN_DIRECT_OBJC_ISA_USAGE = YES_ERROR;
				CLANG_WARN_EMPTY_BODY = YES;
				CLANG_WARN_ENUM_CONVERSION = YES;
				CLANG_WARN_INT_CONVERSION = YES;
				CLANG_WARN_OBJC_ROOT_CLASS = YES_ERROR;
				CLANG_WARN_UNREACHABLE_CODE = YES;
				CLANG_WARN__DUPLICATE_METHOD_MATCH = YES;
				"CODE_SIGN_IDENTITY[sdk=iphoneos*]" = "iPhone Developer";
				COPY_PHASE_STRIP = NO;
				DEBUG_INFORMATION_FORMAT = dwarf;
				ENABLE_STRICT_OBJC_MSGSEND = YES;
				ENABLE_TESTABILITY = YES;
				GCC_C_LANGUAGE_STANDARD = gnu99;
				GCC_DYNAMIC_NO_PIC = NO;
				GCC_NO_COMMON_BLOCKS = YES;
				GCC_OPTIMIZATION_LEVEL = 0;
				GCC_PREPROCESSOR_DEFINITIONS = (
					"DEBUG=1",
					"$(inherited)",
				);
				GCC_WARN_64_TO_32_BIT_CONVERSION = YES;
				GCC_WARN_ABOUT_RETURN_TYPE = YES_ERROR;
				GCC_WARN_UNDECLARED_SELECTOR = YES;
				GCC_WARN_UNINITIALIZED_AUTOS = YES_AGGRESSIVE;
				GCC_WARN_UNUSED_FUNCTION = YES;
				GCC_WARN_UNUSED_VARIABLE = YES;
				IPHONEOS_DEPLOYMENT_TARGET = 9.3;
				MTL_ENABLE_DEBUG_INFO = YES;
				ONLY_ACTIVE_ARCH = YES;
				SDKROOT = iphoneos;
				SWIFT_OPTIMIZATION_LEVEL = "-Onone";
			};
			name = Debug;
		};
		4999F8661CC7F6C000036C18 /* Release */ = {
			isa = XCBuildConfiguration;
			buildSettings = {
				ALWAYS_SEARCH_USER_PATHS = NO;
				CLANG_ANALYZER_NONNULL = YES;
				CLANG_CXX_LANGUAGE_STANDARD = "gnu++0x";
				CLANG_CXX_LIBRARY = "libc++";
				CLANG_ENABLE_MODULES = YES;
				CLANG_ENABLE_OBJC_ARC = YES;
				CLANG_WARN_BOOL_CONVERSION = YES;
				CLANG_WARN_CONSTANT_CONVERSION = YES;
				CLANG_WARN_DIRECT_OBJC_ISA_USAGE = YES_ERROR;
				CLANG_WARN_EMPTY_BODY = YES;
				CLANG_WARN_ENUM_CONVERSION = YES;
				CLANG_WARN_INT_CONVERSION = YES;
				CLANG_WARN_OBJC_ROOT_CLASS = YES_ERROR;
				CLANG_WARN_UNREACHABLE_CODE = YES;
				CLANG_WARN__DUPLICATE_METHOD_MATCH = YES;
				"CODE_SIGN_IDENTITY[sdk=iphoneos*]" = "iPhone Developer";
				COPY_PHASE_STRIP = NO;
				DEBUG_INFORMATION_FORMAT = "dwarf-with-dsym";
				ENABLE_NS_ASSERTIONS = NO;
				ENABLE_STRICT_OBJC_MSGSEND = YES;
				GCC_C_LANGUAGE_STANDARD = gnu99;
				GCC_NO_COMMON_BLOCKS = YES;
				GCC_WARN_64_TO_32_BIT_CONVERSION = YES;
				GCC_WARN_ABOUT_RETURN_TYPE = YES_ERROR;
				GCC_WARN_UNDECLARED_SELECTOR = YES;
				GCC_WARN_UNINITIALIZED_AUTOS = YES_AGGRESSIVE;
				GCC_WARN_UNUSED_FUNCTION = YES;
				GCC_WARN_UNUSED_VARIABLE = YES;
				IPHONEOS_DEPLOYMENT_TARGET = 9.3;
				MTL_ENABLE_DEBUG_INFO = NO;
				SDKROOT = iphoneos;
				VALIDATE_PRODUCT = YES;
			};
			name = Release;
		};
		4999F8681CC7F6C000036C18 /* Debug */ = {
			isa = XCBuildConfiguration;
			buildSettings = {
				ASSETCATALOG_COMPILER_APPICON_NAME = AppIcon;
				CODE_SIGN_IDENTITY = "iPhone Developer";
				"CODE_SIGN_IDENTITY[sdk=iphoneos*]" = "iPhone Developer";
				INFOPLIST_FILE = Calc/Info.plist;
				LD_RUNPATH_SEARCH_PATHS = "$(inherited) @executable_path/Frameworks";
				PRODUCT_BUNDLE_IDENTIFIER = uw.edu.ischool.Calc;
				PRODUCT_NAME = "$(TARGET_NAME)";
				PROVISIONING_PROFILE = "";
			};
			name = Debug;
		};
		4999F8691CC7F6C000036C18 /* Release */ = {
			isa = XCBuildConfiguration;
			buildSettings = {
				ASSETCATALOG_COMPILER_APPICON_NAME = AppIcon;
				CODE_SIGN_IDENTITY = "iPhone Developer";
				"CODE_SIGN_IDENTITY[sdk=iphoneos*]" = "iPhone Developer";
				INFOPLIST_FILE = Calc/Info.plist;
				LD_RUNPATH_SEARCH_PATHS = "$(inherited) @executable_path/Frameworks";
				PRODUCT_BUNDLE_IDENTIFIER = uw.edu.ischool.Calc;
				PRODUCT_NAME = "$(TARGET_NAME)";
				PROVISIONING_PROFILE = "";
			};
			name = Release;
		};
/* End XCBuildConfiguration section */

/* Begin XCConfigurationList section */
		4999F8501CC7F6C000036C18 /* Build configuration list for PBXProject "Calc" */ = {
			isa = XCConfigurationList;
			buildConfigurations = (
				4999F8651CC7F6C000036C18 /* Debug */,
				4999F8661CC7F6C000036C18 /* Release */,
			);
			defaultConfigurationIsVisible = 0;
			defaultConfigurationName = Release;
		};
		4999F8671CC7F6C000036C18 /* Build configuration list for PBXNativeTarget "Calc" */ = {
			isa = XCConfigurationList;
			buildConfigurations = (
				4999F8681CC7F6C000036C18 /* Debug */,
				4999F8691CC7F6C000036C18 /* Release */,
			);
			defaultConfigurationIsVisible = 0;
			defaultConfigurationName = Release;
		};
/* End XCConfigurationList section */
	};
	rootObject = 4999F84D1CC7F6C000036C18 /* Project object */;
}
